// !$*UTF8*$!
{
	archiveVersion = 1;
	classes = {
	};
	objectVersion = 46;
	objects = {

/* Begin PBXBuildFile section */
		750C30BE1F6C32A700A45297 /* main.m in Sources */ = {isa = PBXBuildFile; fileRef = 750C30BD1F6C32A700A45297 /* main.m */; };
		750C30C11F6C32A700A45297 /* AppDelegate.m in Sources */ = {isa = PBXBuildFile; fileRef = 750C30C01F6C32A700A45297 /* AppDelegate.m */; };
		750C30C41F6C32A700A45297 /* ViewController.m in Sources */ = {isa = PBXBuildFile; fileRef = 750C30C31F6C32A700A45297 /* ViewController.m */; };
		750C30C71F6C32A700A45297 /* Main.storyboard in Resources */ = {isa = PBXBuildFile; fileRef = 750C30C51F6C32A700A45297 /* Main.storyboard */; };
		750C30CA1F6C32A700A45297 /* BulletDemo.xcdatamodeld in Sources */ = {isa = PBXBuildFile; fileRef = 750C30C81F6C32A700A45297 /* BulletDemo.xcdatamodeld */; };
		750C30CC1F6C32A700A45297 /* Assets.xcassets in Resources */ = {isa = PBXBuildFile; fileRef = 750C30CB1F6C32A700A45297 /* Assets.xcassets */; };
		750C30CF1F6C32A700A45297 /* LaunchScreen.storyboard in Resources */ = {isa = PBXBuildFile; fileRef = 750C30CD1F6C32A700A45297 /* LaunchScreen.storyboard */; };
		750C30DA1F6C32A700A45297 /* BulletDemoTests.m in Sources */ = {isa = PBXBuildFile; fileRef = 750C30D91F6C32A700A45297 /* BulletDemoTests.m */; };
		750C30E51F6C32A700A45297 /* BulletDemoUITests.m in Sources */ = {isa = PBXBuildFile; fileRef = 750C30E41F6C32A700A45297 /* BulletDemoUITests.m */; };
		750C30F91F6C381400A45297 /* BulletView.m in Sources */ = {isa = PBXBuildFile; fileRef = 750C30F71F6C381400A45297 /* BulletView.m */; };
		750C30FC1F6C400300A45297 /* BulletManager.m in Sources */ = {isa = PBXBuildFile; fileRef = 750C30FB1F6C400300A45297 /* BulletManager.m */; };
/* End PBXBuildFile section */

/* Begin PBXContainerItemProxy section */
		750C30D61F6C32A700A45297 /* PBXContainerItemProxy */ = {
			isa = PBXContainerItemProxy;
			containerPortal = 750C30B11F6C32A700A45297 /* Project object */;
			proxyType = 1;
			remoteGlobalIDString = 750C30B81F6C32A700A45297;
			remoteInfo = BulletDemo;
		};
		750C30E11F6C32A700A45297 /* PBXContainerItemProxy */ = {
			isa = PBXContainerItemProxy;
			containerPortal = 750C30B11F6C32A700A45297 /* Project object */;
			proxyType = 1;
			remoteGlobalIDString = 750C30B81F6C32A700A45297;
			remoteInfo = BulletDemo;
		};
/* End PBXContainerItemProxy section */

/* Begin PBXFileReference section */
		750C30B91F6C32A700A45297 /* BulletDemo.app */ = {isa = PBXFileReference; explicitFileType = wrapper.application; includeInIndex = 0; path = BulletDemo.app; sourceTree = BUILT_PRODUCTS_DIR; };
		750C30BD1F6C32A700A45297 /* main.m */ = {isa = PBXFileReference; lastKnownFileType = sourcecode.c.objc; path = main.m; sourceTree = "<group>"; };
		750C30BF1F6C32A700A45297 /* AppDelegate.h */ = {isa = PBXFileReference; lastKnownFileType = sourcecode.c.h; path = AppDelegate.h; sourceTree = "<group>"; };
		750C30C01F6C32A700A45297 /* AppDelegate.m */ = {isa = PBXFileReference; lastKnownFileType = sourcecode.c.objc; path = AppDelegate.m; sourceTree = "<group>"; };
		750C30C21F6C32A700A45297 /* ViewController.h */ = {isa = PBXFileReference; lastKnownFileType = sourcecode.c.h; path = ViewController.h; sourceTree = "<group>"; };
		750C30C31F6C32A700A45297 /* ViewController.m */ = {isa = PBXFileReference; lastKnownFileType = sourcecode.c.objc; path = ViewController.m; sourceTree = "<group>"; };
		750C30C61F6C32A700A45297 /* Base */ = {isa = PBXFileReference; lastKnownFileType = file.storyboard; name = Base; path = Base.lproj/Main.storyboard; sourceTree = "<group>"; };
		750C30C91F6C32A700A45297 /* BulletDemo.xcdatamodel */ = {isa = PBXFileReference; lastKnownFileType = wrapper.xcdatamodel; path = BulletDemo.xcdatamodel; sourceTree = "<group>"; };
		750C30CB1F6C32A700A45297 /* Assets.xcassets */ = {isa = PBXFileReference; lastKnownFileType = folder.assetcatalog; path = Assets.xcassets; sourceTree = "<group>"; };
		750C30CE1F6C32A700A45297 /* Base */ = {isa = PBXFileReference; lastKnownFileType = file.storyboard; name = Base; path = Base.lproj/LaunchScreen.storyboard; sourceTree = "<group>"; };
		750C30D01F6C32A700A45297 /* Info.plist */ = {isa = PBXFileReference; lastKnownFileType = text.plist.xml; path = Info.plist; sourceTree = "<group>"; };
		750C30D51F6C32A700A45297 /* BulletDemoTests.xctest */ = {isa = PBXFileReference; explicitFileType = wrapper.cfbundle; includeInIndex = 0; path = BulletDemoTests.xctest; sourceTree = BUILT_PRODUCTS_DIR; };
		750C30D91F6C32A700A45297 /* BulletDemoTests.m */ = {isa = PBXFileReference; lastKnownFileType = sourcecode.c.objc; path = BulletDemoTests.m; sourceTree = "<group>"; };
		750C30DB1F6C32A700A45297 /* Info.plist */ = {isa = PBXFileReference; lastKnownFileType = text.plist.xml; path = Info.plist; sourceTree = "<group>"; };
		750C30E01F6C32A700A45297 /* BulletDemoUITests.xctest */ = {isa = PBXFileReference; explicitFileType = wrapper.cfbundle; includeInIndex = 0; path = BulletDemoUITests.xctest; sourceTree = BUILT_PRODUCTS_DIR; };
		750C30E41F6C32A700A45297 /* BulletDemoUITests.m */ = {isa = PBXFileReference; lastKnownFileType = sourcecode.c.objc; path = BulletDemoUITests.m; sourceTree = "<group>"; };
		750C30E61F6C32A700A45297 /* Info.plist */ = {isa = PBXFileReference; lastKnownFileType = text.plist.xml; path = Info.plist; sourceTree = "<group>"; };
		750C30F61F6C381400A45297 /* BulletView.h */ = {isa = PBXFileReference; fileEncoding = 4; lastKnownFileType = sourcecode.c.h; path = BulletView.h; sourceTree = "<group>"; };
		750C30F71F6C381400A45297 /* BulletView.m */ = {isa = PBXFileReference; fileEncoding = 4; lastKnownFileType = sourcecode.c.objc; path = BulletView.m; sourceTree = "<group>"; };
		750C30FA1F6C400300A45297 /* BulletManager.h */ = {isa = PBXFileReference; fileEncoding = 4; lastKnownFileType = sourcecode.c.h; path = BulletManager.h; sourceTree = "<group>"; };
		750C30FB1F6C400300A45297 /* BulletManager.m */ = {isa = PBXFileReference; fileEncoding = 4; lastKnownFileType = sourcecode.c.objc; path = BulletManager.m; sourceTree = "<group>"; };
/* End PBXFileReference section */

/* Begin PBXFrameworksBuildPhase section */
		750C30B61F6C32A700A45297 /* Frameworks */ = {
			isa = PBXFrameworksBuildPhase;
			buildActionMask = 2147483647;
			files = (
			);
			runOnlyForDeploymentPostprocessing = 0;
		};
		750C30D21F6C32A700A45297 /* Frameworks */ = {
			isa = PBXFrameworksBuildPhase;
			buildActionMask = 2147483647;
			files = (
			);
			runOnlyForDeploymentPostprocessing = 0;
		};
		750C30DD1F6C32A700A45297 /* Frameworks */ = {
			isa = PBXFrameworksBuildPhase;
			buildActionMask = 2147483647;
			files = (
			);
			runOnlyForDeploymentPostprocessing = 0;
		};
/* End PBXFrameworksBuildPhase section */

/* Begin PBXGroup section */
		750C30B01F6C32A700A45297 = {
			isa = PBXGroup;
			children = (
				750C30BB1F6C32A700A45297 /* BulletDemo */,
				750C30D81F6C32A700A45297 /* BulletDemoTests */,
				750C30E31F6C32A700A45297 /* BulletDemoUITests */,
				750C30BA1F6C32A700A45297 /* Products */,
			);
			sourceTree = "<group>";
		};
		750C30BA1F6C32A700A45297 /* Products */ = {
			isa = PBXGroup;
			children = (
				750C30B91F6C32A700A45297 /* BulletDemo.app */,
				750C30D51F6C32A700A45297 /* BulletDemoTests.xctest */,
				750C30E01F6C32A700A45297 /* BulletDemoUITests.xctest */,
			);
			name = Products;
			sourceTree = "<group>";
		};
		750C30BB1F6C32A700A45297 /* BulletDemo */ = {
			isa = PBXGroup;
			children = (
				750C30BF1F6C32A700A45297 /* AppDelegate.h */,
				750C30C01F6C32A700A45297 /* AppDelegate.m */,
				750C30C21F6C32A700A45297 /* ViewController.h */,
				750C30C31F6C32A700A45297 /* ViewController.m */,
				750C30FA1F6C400300A45297 /* BulletManager.h */,
				750C30FB1F6C400300A45297 /* BulletManager.m */,
				750C30F81F6C381400A45297 /* Controller */,
				750C30F51F6C381400A45297 /* View */,
				750C30BC1F6C32A700A45297 /* Supporting Files */,
			);
			path = BulletDemo;
			sourceTree = "<group>";
		};
		750C30BC1F6C32A700A45297 /* Supporting Files */ = {
			isa = PBXGroup;
			children = (
				750C30C51F6C32A700A45297 /* Main.storyboard */,
				750C30CB1F6C32A700A45297 /* Assets.xcassets */,
				750C30CD1F6C32A700A45297 /* LaunchScreen.storyboard */,
				750C30D01F6C32A700A45297 /* Info.plist */,
				750C30C81F6C32A700A45297 /* BulletDemo.xcdatamodeld */,
				750C30BD1F6C32A700A45297 /* main.m */,
			);
			name = "Supporting Files";
			sourceTree = "<group>";
		};
		750C30D81F6C32A700A45297 /* BulletDemoTests */ = {
			isa = PBXGroup;
			children = (
				750C30D91F6C32A700A45297 /* BulletDemoTests.m */,
				750C30DB1F6C32A700A45297 /* Info.plist */,
			);
			path = BulletDemoTests;
			sourceTree = "<group>";
		};
		750C30E31F6C32A700A45297 /* BulletDemoUITests */ = {
			isa = PBXGroup;
			children = (
				750C30E41F6C32A700A45297 /* BulletDemoUITests.m */,
				750C30E61F6C32A700A45297 /* Info.plist */,
			);
			path = BulletDemoUITests;
			sourceTree = "<group>";
		};
		750C30F51F6C381400A45297 /* View */ = {
			isa = PBXGroup;
			children = (
				750C30F61F6C381400A45297 /* BulletView.h */,
				750C30F71F6C381400A45297 /* BulletView.m */,
			);
			path = View;
			sourceTree = "<group>";
		};
		750C30F81F6C381400A45297 /* Controller */ = {
			isa = PBXGroup;
			children = (
			);
			path = Controller;
			sourceTree = "<group>";
		};
/* End PBXGroup section */

/* Begin PBXNativeTarget section */
		750C30B81F6C32A700A45297 /* BulletDemo */ = {
			isa = PBXNativeTarget;
			buildConfigurationList = 750C30E91F6C32A700A45297 /* Build configuration list for PBXNativeTarget "BulletDemo" */;
			buildPhases = (
				750C30B51F6C32A700A45297 /* Sources */,
				750C30B61F6C32A700A45297 /* Frameworks */,
				750C30B71F6C32A700A45297 /* Resources */,
			);
			buildRules = (
			);
			dependencies = (
			);
			name = BulletDemo;
			productName = BulletDemo;
			productReference = 750C30B91F6C32A700A45297 /* BulletDemo.app */;
			productType = "com.apple.product-type.application";
		};
		750C30D41F6C32A700A45297 /* BulletDemoTests */ = {
			isa = PBXNativeTarget;
			buildConfigurationList = 750C30EC1F6C32A700A45297 /* Build configuration list for PBXNativeTarget "BulletDemoTests" */;
			buildPhases = (
				750C30D11F6C32A700A45297 /* Sources */,
				750C30D21F6C32A700A45297 /* Frameworks */,
				750C30D31F6C32A700A45297 /* Resources */,
			);
			buildRules = (
			);
			dependencies = (
				750C30D71F6C32A700A45297 /* PBXTargetDependency */,
			);
			name = BulletDemoTests;
			productName = BulletDemoTests;
			productReference = 750C30D51F6C32A700A45297 /* BulletDemoTests.xctest */;
			productType = "com.apple.product-type.bundle.unit-test";
		};
		750C30DF1F6C32A700A45297 /* BulletDemoUITests */ = {
			isa = PBXNativeTarget;
			buildConfigurationList = 750C30EF1F6C32A700A45297 /* Build configuration list for PBXNativeTarget "BulletDemoUITests" */;
			buildPhases = (
				750C30DC1F6C32A700A45297 /* Sources */,
				750C30DD1F6C32A700A45297 /* Frameworks */,
				750C30DE1F6C32A700A45297 /* Resources */,
			);
			buildRules = (
			);
			dependencies = (
				750C30E21F6C32A700A45297 /* PBXTargetDependency */,
			);
			name = BulletDemoUITests;
			productName = BulletDemoUITests;
			productReference = 750C30E01F6C32A700A45297 /* BulletDemoUITests.xctest */;
			productType = "com.apple.product-type.bundle.ui-testing";
		};
/* End PBXNativeTarget section */

/* Begin PBXProject section */
		750C30B11F6C32A700A45297 /* Project object */ = {
			isa = PBXProject;
			attributes = {
				LastUpgradeCheck = 0830;
				ORGANIZATIONNAME = ArrQ;
				TargetAttributes = {
					750C30B81F6C32A700A45297 = {
						CreatedOnToolsVersion = 8.3.3;
						ProvisioningStyle = Automatic;
					};
					750C30D41F6C32A700A45297 = {
						CreatedOnToolsVersion = 8.3.3;
						ProvisioningStyle = Automatic;
						TestTargetID = 750C30B81F6C32A700A45297;
					};
					750C30DF1F6C32A700A45297 = {
						CreatedOnToolsVersion = 8.3.3;
						ProvisioningStyle = Automatic;
						TestTargetID = 750C30B81F6C32A700A45297;
					};
				};
			};
			buildConfigurationList = 750C30B41F6C32A700A45297 /* Build configuration list for PBXProject "BulletDemo" */;
			compatibilityVersion = "Xcode 3.2";
			developmentRegion = English;
			hasScannedForEncodings = 0;
			knownRegions = (
				en,
				Base,
			);
			mainGroup = 750C30B01F6C32A700A45297;
			productRefGroup = 750C30BA1F6C32A700A45297 /* Products */;
			projectDirPath = "";
			projectRoot = "";
			targets = (
				750C30B81F6C32A700A45297 /* BulletDemo */,
				750C30D41F6C32A700A45297 /* BulletDemoTests */,
				750C30DF1F6C32A700A45297 /* BulletDemoUITests */,
			);
		};
/* End PBXProject section */

/* Begin PBXResourcesBuildPhase section */
		750C30B71F6C32A700A45297 /* Resources */ = {
			isa = PBXResourcesBuildPhase;
			buildActionMask = 2147483647;
			files = (
				750C30CF1F6C32A700A45297 /* LaunchScreen.storyboard in Resources */,
				750C30CC1F6C32A700A45297 /* Assets.xcassets in Resources */,
				750C30C71F6C32A700A45297 /* Main.storyboard in Resources */,
			);
			runOnlyForDeploymentPostprocessing = 0;
		};
		750C30D31F6C32A700A45297 /* Resources */ = {
			isa = PBXResourcesBuildPhase;
			buildActionMask = 2147483647;
			files = (
			);
			runOnlyForDeploymentPostprocessing = 0;
		};
		750C30DE1F6C32A700A45297 /* Resources */ = {
			isa = PBXResourcesBuildPhase;
			buildActionMask = 2147483647;
			files = (
			);
			runOnlyForDeploymentPostprocessing = 0;
		};
/* End PBXResourcesBuildPhase section */

/* Begin PBXSourcesBuildPhase section */
		750C30B51F6C32A700A45297 /* Sources */ = {
			isa = PBXSourcesBuildPhase;
			buildActionMask = 2147483647;
			files = (
				750C30CA1F6C32A700A45297 /* BulletDemo.xcdatamodeld in Sources */,
				750C30C41F6C32A700A45297 /* ViewController.m in Sources */,
				750C30F91F6C381400A45297 /* BulletView.m in Sources */,
				750C30FC1F6C400300A45297 /* BulletManager.m in Sources */,
				750C30C11F6C32A700A45297 /* AppDelegate.m in Sources */,
				750C30BE1F6C32A700A45297 /* main.m in Sources */,
			);
			runOnlyForDeploymentPostprocessing = 0;
		};
		750C30D11F6C32A700A45297 /* Sources */ = {
			isa = PBXSourcesBuildPhase;
			buildActionMask = 2147483647;
			files = (
				750C30DA1F6C32A700A45297 /* BulletDemoTests.m in Sources */,
			);
			runOnlyForDeploymentPostprocessing = 0;
		};
		750C30DC1F6C32A700A45297 /* Sources */ = {
			isa = PBXSourcesBuildPhase;
			buildActionMask = 2147483647;
			files = (
				750C30E51F6C32A700A45297 /* BulletDemoUITests.m in Sources */,
			);
			runOnlyForDeploymentPostprocessing = 0;
		};
/* End PBXSourcesBuildPhase section */

/* Begin PBXTargetDependency section */
		750C30D71F6C32A700A45297 /* PBXTargetDependency */ = {
			isa = PBXTargetDependency;
			target = 750C30B81F6C32A700A45297 /* BulletDemo */;
			targetProxy = 750C30D61F6C32A700A45297 /* PBXContainerItemProxy */;
		};
		750C30E21F6C32A700A45297 /* PBXTargetDependency */ = {
			isa = PBXTargetDependency;
			target = 750C30B81F6C32A700A45297 /* BulletDemo */;
			targetProxy = 750C30E11F6C32A700A45297 /* PBXContainerItemProxy */;
		};
/* End PBXTargetDependency section */

/* Begin PBXVariantGroup section */
		750C30C51F6C32A700A45297 /* Main.storyboard */ = {
			isa = PBXVariantGroup;
			children = (
				750C30C61F6C32A700A45297 /* Base */,
			);
			name = Main.storyboard;
			sourceTree = "<group>";
		};
		750C30CD1F6C32A700A45297 /* LaunchScreen.storyboard */ = {
			isa = PBXVariantGroup;
			children = (
				750C30CE1F6C32A700A45297 /* Base */,
			);
			name = LaunchScreen.storyboard;
			sourceTree = "<group>";
		};
/* End PBXVariantGroup section */

/* Begin XCBuildConfiguration section */
		750C30E71F6C32A700A45297 /* Debug */ = {
			isa = XCBuildConfiguration;
			buildSettings = {
				ALWAYS_SEARCH_USER_PATHS = NO;
				CLANG_ANALYZER_NONNULL = YES;
				CLANG_ANALYZER_NUMBER_OBJECT_CONVERSION = YES_AGGRESSIVE;
				CLANG_CXX_LANGUAGE_STANDARD = "gnu++0x";
				CLANG_CXX_LIBRARY = "libc++";
				CLANG_ENABLE_MODULES = YES;
				CLANG_ENABLE_OBJC_ARC = YES;
				CLANG_WARN_BOOL_CONVERSION = YES;
				CLANG_WARN_CONSTANT_CONVERSION = YES;
				CLANG_WARN_DIRECT_OBJC_ISA_USAGE = YES_ERROR;
				CLANG_WARN_DOCUMENTATION_COMMENTS = YES;
				CLANG_WARN_EMPTY_BODY = YES;
				CLANG_WARN_ENUM_CONVERSION = YES;
				CLANG_WARN_INFINITE_RECURSION = YES;
				CLANG_WARN_INT_CONVERSION = YES;
				CLANG_WARN_OBJC_ROOT_CLASS = YES_ERROR;
				CLANG_WARN_SUSPICIOUS_MOVE = YES;
				CLANG_WARN_UNREACHABLE_CODE = YES;
				CLANG_WARN__DUPLICATE_METHOD_MATCH = YES;
				"CODE_SIGN_IDENTITY[sdk=iphoneos*]" = "iPhone Developer";
				COPY_PHASE_STRIP = NO;
				DEBUG_INFORMATION_FORMAT = dwarf;
				ENABLE_STRICT_OBJC_MSGSEND = YES;
				ENABLE_TESTABILITY = YES;
				GCC_C_LANGUAGE_STANDARD = gnu99;
				GCC_DYNAMIC_NO_PIC = NO;
				GCC_NO_COMMON_BLOCKS = YES;
				GCC_OPTIMIZATION_LEVEL = 0;
				GCC_PREPROCESSOR_DEFINITIONS = (
					"DEBUG=1",
					"$(inherited)",
				);
				GCC_WARN_64_TO_32_BIT_CONVERSION = YES;
				GCC_WARN_ABOUT_RETURN_TYPE = YES_ERROR;
				GCC_WARN_UNDECLARED_SELECTOR = YES;
				GCC_WARN_UNINITIALIZED_AUTOS = YES_AGGRESSIVE;
				GCC_WARN_UNUSED_FUNCTION = YES;
				GCC_WARN_UNUSED_VARIABLE = YES;
				IPHONEOS_DEPLOYMENT_TARGET = 10.3;
				MTL_ENABLE_DEBUG_INFO = YES;
				ONLY_ACTIVE_ARCH = YES;
				SDKROOT = iphoneos;
			};
			name = Debug;
		};
		750C30E81F6C32A700A45297 /* Release */ = {
			isa = XCBuildConfiguration;
			buildSettings = {
				ALWAYS_SEARCH_USER_PATHS = NO;
				CLANG_ANALYZER_NONNULL = YES;
				CLANG_ANALYZER_NUMBER_OBJECT_CONVERSION = YES_AGGRESSIVE;
				CLANG_CXX_LANGUAGE_STANDARD = "gnu++0x";
				CLANG_CXX_LIBRARY = "libc++";
				CLANG_ENABLE_MODULES = YES;
				CLANG_ENABLE_OBJC_ARC = YES;
				CLANG_WARN_BOOL_CONVERSION = YES;
				CLANG_WARN_CONSTANT_CONVERSION = YES;
				CLANG_WARN_DIRECT_OBJC_ISA_USAGE = YES_ERROR;
				CLANG_WARN_DOCUMENTATION_COMMENTS = YES;
				CLANG_WARN_EMPTY_BODY = YES;
				CLANG_WARN_ENUM_CONVERSION = YES;
				CLANG_WARN_INFINITE_RECURSION = YES;
				CLANG_WARN_INT_CONVERSION = YES;
				CLANG_WARN_OBJC_ROOT_CLASS = YES_ERROR;
				CLANG_WARN_SUSPICIOUS_MOVE = YES;
				CLANG_WARN_UNREACHABLE_CODE = YES;
				CLANG_WARN__DUPLICATE_METHOD_MATCH = YES;
				"CODE_SIGN_IDENTITY[sdk=iphoneos*]" = "iPhone Developer";
				COPY_PHASE_STRIP = NO;
				DEBUG_INFORMATION_FORMAT = "dwarf-with-dsym";
				ENABLE_NS_ASSERTIONS = NO;
				ENABLE_STRICT_OBJC_MSGSEND = YES;
				GCC_C_LANGUAGE_STANDARD = gnu99;
				GCC_NO_COMMON_BLOCKS = YES;
				GCC_WARN_64_TO_32_BIT_CONVERSION = YES;
				GCC_WARN_ABOUT_RETURN_TYPE = YES_ERROR;
				GCC_WARN_UNDECLARED_SELECTOR = YES;
				GCC_WARN_UNINITIALIZED_AUTOS = YES_AGGRESSIVE;
				GCC_WARN_UNUSED_FUNCTION = YES;
				GCC_WARN_UNUSED_VARIABLE = YES;
				IPHONEOS_DEPLOYMENT_TARGET = 10.3;
				MTL_ENABLE_DEBUG_INFO = NO;
				SDKROOT = iphoneos;
				VALIDATE_PRODUCT = YES;
			};
			name = Release;
		};
		750C30EA1F6C32A700A45297 /* Debug */ = {
			isa = XCBuildConfiguration;
			buildSettings = {
				ASSETCATALOG_COMPILER_APPICON_NAME = AppIcon;
				INFOPLIST_FILE = BulletDemo/Info.plist;
				LD_RUNPATH_SEARCH_PATHS = "$(inherited) @executable_path/Frameworks";
				PRODUCT_BUNDLE_IDENTIFIER = ArrQ.BulletDemo;
				PRODUCT_NAME = "$(TARGET_NAME)";
			};
			name = Debug;
		};
		750C30EB1F6C32A700A45297 /* Release */ = {
			isa = XCBuildConfiguration;
			buildSettings = {
				ASSETCATALOG_COMPILER_APPICON_NAME = AppIcon;
				INFOPLIST_FILE = BulletDemo/Info.plist;
				LD_RUNPATH_SEARCH_PATHS = "$(inherited) @executable_path/Frameworks";
				PRODUCT_BUNDLE_IDENTIFIER = ArrQ.BulletDemo;
				PRODUCT_NAME = "$(TARGET_NAME)";
			};
			name = Release;
		};
		750C30ED1F6C32A700A45297 /* Debug */ = {
			isa = XCBuildConfiguration;
			buildSettings = {
				BUNDLE_LOADER = "$(TEST_HOST)";
				INFOPLIST_FILE = BulletDemoTests/Info.plist;
				LD_RUNPATH_SEARCH_PATHS = "$(inherited) @executable_path/Frameworks @loader_path/Frameworks";
				PRODUCT_BUNDLE_IDENTIFIER = ArrQ.BulletDemoTests;
				PRODUCT_NAME = "$(TARGET_NAME)";
				TEST_HOST = "$(BUILT_PRODUCTS_DIR)/BulletDemo.app/BulletDemo";
			};
			name = Debug;
		};
		750C30EE1F6C32A700A45297 /* Release */ = {
			isa = XCBuildConfiguration;
			buildSettings = {
				BUNDLE_LOADER = "$(TEST_HOST)";
				INFOPLIST_FILE = BulletDemoTests/Info.plist;
				LD_RUNPATH_SEARCH_PATHS = "$(inherited) @executable_path/Frameworks @loader_path/Frameworks";
				PRODUCT_BUNDLE_IDENTIFIER = ArrQ.BulletDemoTests;
				PRODUCT_NAME = "$(TARGET_NAME)";
				TEST_HOST = "$(BUILT_PRODUCTS_DIR)/BulletDemo.app/BulletDemo";
			};
			name = Release;
		};
		750C30F01F6C32A700A45297 /* Debug */ = {
			isa = XCBuildConfiguration;
			buildSettings = {
				INFOPLIST_FILE = BulletDemoUITests/Info.plist;
				LD_RUNPATH_SEARCH_PATHS = "$(inherited) @executable_path/Frameworks @loader_path/Frameworks";
				PRODUCT_BUNDLE_IDENTIFIER = ArrQ.BulletDemoUITests;
				PRODUCT_NAME = "$(TARGET_NAME)";
				TEST_TARGET_NAME = BulletDemo;
			};
			name = Debug;
		};
		750C30F11F6C32A700A45297 /* Release */ = {
			isa = XCBuildConfiguration;
			buildSettings = {
				INFOPLIST_FILE = BulletDemoUITests/Info.plist;
				LD_RUNPATH_SEARCH_PATHS = "$(inherited) @executable_path/Frameworks @loader_path/Frameworks";
				PRODUCT_BUNDLE_IDENTIFIER = ArrQ.BulletDemoUITests;
				PRODUCT_NAME = "$(TARGET_NAME)";
				TEST_TARGET_NAME = BulletDemo;
			};
			name = Release;
		};
/* End XCBuildConfiguration section */

/* Begin XCConfigurationList section */
		750C30B41F6C32A700A45297 /* Build configuration list for PBXProject "BulletDemo" */ = {
			isa = XCConfigurationList;
			buildConfigurations = (
				750C30E71F6C32A700A45297 /* Debug */,
				750C30E81F6C32A700A45297 /* Release */,
			);
			defaultConfigurationIsVisible = 0;
			defaultConfigurationName = Release;
		};
		750C30E91F6C32A700A45297 /* Build configuration list for PBXNativeTarget "BulletDemo" */ = {
			isa = XCConfigurationList;
			buildConfigurations = (
				750C30EA1F6C32A700A45297 /* Debug */,
				750C30EB1F6C32A700A45297 /* Release */,
			);
			defaultConfigurationIsVisible = 0;
		};
		750C30EC1F6C32A700A45297 /* Build configuration list for PBXNativeTarget "BulletDemoTests" */ = {
			isa = XCConfigurationList;
			buildConfigurations = (
				750C30ED1F6C32A700A45297 /* Debug */,
				750C30EE1F6C32A700A45297 /* Release */,
			);
			defaultConfigurationIsVisible = 0;
		};
		750C30EF1F6C32A700A45297 /* Build configuration list for PBXNativeTarget "BulletDemoUITests" */ = {
			isa = XCConfigurationList;
			buildConfigurations = (
				750C30F01F6C32A700A45297 /* Debug */,
				750C30F11F6C32A700A45297 /* Release */,
			);
			defaultConfigurationIsVisible = 0;
		};
/* End XCConfigurationList section */

/* Begin XCVersionGroup section */
		750C30C81F6C32A700A45297 /* BulletDemo.xcdatamodeld */ = {
			isa = XCVersionGroup;
			children = (
				750C30C91F6C32A700A45297 /* BulletDemo.xcdatamodel */,
			);
			currentVersion = 750C30C91F6C32A700A45297 /* BulletDemo.xcdatamodel */;
			path = BulletDemo.xcdatamodeld;
			sourceTree = "<group>";
			versionGroupType = wrapper.xcdatamodel;
		};
/* End XCVersionGroup section */
	};
	rootObject = 750C30B11F6C32A700A45297 /* Project object */;
}
